
Microsoft Visual Studio Solution File, Format Version 12.00
# Visual Studio 15
VisualStudioVersion = 15.0.27428.2005
MinimumVisualStudioVersion = 10.0.40219.1
Project("{FAE04EC0-301F-11D3-BF4B-00C04F79EFBC}") = "VideoVerhuur ASP.net MVC Test", "VideoVerhuur ASP.net MVC Test\VideoVerhuur ASP.net MVC Test.csproj", "{DDE61305-2102-4EBF-8B65-8D0302A60D24}"
EndProject
Global
	GlobalSection(SolutionConfigurationPlatforms) = preSolution
		Debug|Any CPU = Debug|Any CPU
		Release|Any CPU = Release|Any CPU
	EndGlobalSection
	GlobalSection(ProjectConfigurationPlatforms) = postSolution
		{DDE61305-2102-4EBF-8B65-8D0302A60D24}.Debug|Any CPU.ActiveCfg = Debug|Any CPU
		{DDE61305-2102-4EBF-8B65-8D0302A60D24}.Debug|Any CPU.Build.0 = Debug|Any CPU
		{DDE61305-2102-4EBF-8B65-8D0302A60D24}.Release|Any CPU.ActiveCfg = Release|Any CPU
		{DDE61305-2102-4EBF-8B65-8D0302A60D24}.Release|Any CPU.Build.0 = Release|Any CPU
	EndGlobalSection
	GlobalSection(SolutionProperties) = preSolution
		HideSolutionNode = FALSE
	EndGlobalSection
	GlobalSection(ExtensibilityGlobals) = postSolution
		SolutionGuid = {52EE17FB-25FB-4402-8991-A4DDDD651943}
	EndGlobalSection
EndGlobal
